
Microsoft Visual Studio Solution File, Format Version 12.00
# Visual Studio Version 17
VisualStudioVersion = 17.5.33530.505
MinimumVisualStudioVersion = 10.0.40219.1
Project("{9A19103F-16F7-4668-BE54-9A1E7A4F7556}") = "Antelcat.Foundation.Server", "Antelcat.Foundation.Server\Antelcat.Foundation.Server.csproj", "{D2B51300-EC06-4F56-A78A-5EC554CC3F4F}"
EndProject
Project("{9A19103F-16F7-4668-BE54-9A1E7A4F7556}") = "Antelcat.Foundation.Server.Test", "Antelcat.Foundation.Server.Test\Antelcat.Foundation.Server.Test.csproj", "{FC86124E-813F-4B5E-A5BE-202EA43C83E4}"
EndProject
Project("{9A19103F-16F7-4668-BE54-9A1E7A4F7556}") = "Feast.RequestMapper", "..\extern\RequestMapper\Feast.RequestMapper\Feast.RequestMapper.csproj", "{A8B3BD02-196E-483C-81F0-FFF6C3643897}"
EndProject
Project("{9A19103F-16F7-4668-BE54-9A1E7A4F7556}") = "Antelcat.Foundation.Core", "..\extern\Foundation-Core\Antelcat.Foundation.Core\Antelcat.Foundation.Core\Antelcat.Foundation.Core.csproj", "{F65E5771-F6D8-460F-8C3A-8DF6FF104502}"
EndProject
Project("{9A19103F-16F7-4668-BE54-9A1E7A4F7556}") = "Antelcat.Foundation.Test", "..\extern\Foundation-Core\Antelcat.Foundation.Core\Antelcat.Foundation.Test\Antelcat.Foundation.Test.csproj", "{33E4E24E-A0B2-4E4A-B6A3-DB8BBB52FC44}"
EndProject
Project("{2150E333-8FDC-42A3-9474-1A3956D46DE8}") = "Shared", "Shared", "{AFAB2210-2573-4C71-A064-C66999E404BB}"
EndProject
Global
	GlobalSection(SolutionConfigurationPlatforms) = preSolution
		Debug|Any CPU = Debug|Any CPU
		Release|Any CPU = Release|Any CPU
	EndGlobalSection
	GlobalSection(ProjectConfigurationPlatforms) = postSolution
		{D2B51300-EC06-4F56-A78A-5EC554CC3F4F}.Debug|Any CPU.ActiveCfg = Debug|Any CPU
		{D2B51300-EC06-4F56-A78A-5EC554CC3F4F}.Debug|Any CPU.Build.0 = Debug|Any CPU
		{D2B51300-EC06-4F56-A78A-5EC554CC3F4F}.Release|Any CPU.ActiveCfg = Release|Any CPU
		{D2B51300-EC06-4F56-A78A-5EC554CC3F4F}.Release|Any CPU.Build.0 = Release|Any CPU
		{FC86124E-813F-4B5E-A5BE-202EA43C83E4}.Debug|Any CPU.ActiveCfg = Debug|Any CPU
		{FC86124E-813F-4B5E-A5BE-202EA43C83E4}.Debug|Any CPU.Build.0 = Debug|Any CPU
		{FC86124E-813F-4B5E-A5BE-202EA43C83E4}.Release|Any CPU.ActiveCfg = Release|Any CPU
		{FC86124E-813F-4B5E-A5BE-202EA43C83E4}.Release|Any CPU.Build.0 = Release|Any CPU
		{A8B3BD02-196E-483C-81F0-FFF6C3643897}.Debug|Any CPU.ActiveCfg = Debug|Any CPU
		{A8B3BD02-196E-483C-81F0-FFF6C3643897}.Debug|Any CPU.Build.0 = Debug|Any CPU
		{A8B3BD02-196E-483C-81F0-FFF6C3643897}.Release|Any CPU.ActiveCfg = Release|Any CPU
		{A8B3BD02-196E-483C-81F0-FFF6C3643897}.Release|Any CPU.Build.0 = Release|Any CPU
		{F65E5771-F6D8-460F-8C3A-8DF6FF104502}.Debug|Any CPU.ActiveCfg = Debug|Any CPU
		{F65E5771-F6D8-460F-8C3A-8DF6FF104502}.Debug|Any CPU.Build.0 = Debug|Any CPU
		{F65E5771-F6D8-460F-8C3A-8DF6FF104502}.Release|Any CPU.ActiveCfg = Release|Any CPU
		{F65E5771-F6D8-460F-8C3A-8DF6FF104502}.Release|Any CPU.Build.0 = Release|Any CPU
		{33E4E24E-A0B2-4E4A-B6A3-DB8BBB52FC44}.Debug|Any CPU.ActiveCfg = Debug|Any CPU
		{33E4E24E-A0B2-4E4A-B6A3-DB8BBB52FC44}.Debug|Any CPU.Build.0 = Debug|Any CPU
		{33E4E24E-A0B2-4E4A-B6A3-DB8BBB52FC44}.Release|Any CPU.ActiveCfg = Release|Any CPU
		{33E4E24E-A0B2-4E4A-B6A3-DB8BBB52FC44}.Release|Any CPU.Build.0 = Release|Any CPU
	EndGlobalSection
	GlobalSection(SolutionProperties) = preSolution
		HideSolutionNode = FALSE
	EndGlobalSection
	GlobalSection(ExtensibilityGlobals) = postSolution
		SolutionGuid = {74BB26BF-8CBB-4776-B5A6-127A5C8C9855}
	EndGlobalSection
EndGlobal
